# THIS IS AN AUTOGENERATED FILE. DO NOT EDIT THIS FILE DIRECTLY.
# yarn lockfile v1


fullpage.js@^4.0.5:
  version "4.0.5"
  resolved "https://registry.yarnpkg.com/fullpage.js/-/fullpage.js-4.0.5.tgz#033880e792610a28fe4f7c9ee49eff33a7b38e14"
  integrity sha512-4OWRP08ogL35LwnNyDa8LNqRD0003HdolcVflfUyhMwAHVrpBNY9u1WYdAfnFEX7bd4vsermL7z22nmNqPWZvw==
